
Microsoft Visual Studio Solution File, Format Version 12.00
# Visual Studio Version 16
VisualStudioVersion = 16.0.29409.12
MinimumVisualStudioVersion = 10.0.40219.1
Project("{FAE04EC0-301F-11D3-BF4B-00C04F79EFBC}") = "NinjaManager", "NinjaManager\NinjaManager.csproj", "{A8A39D32-29A9-40E0-9C32-866634490039}"
EndProject
Project("{00D1A9C2-B5F0-4AF3-8072-F6C62B433612}") = "NinjaManager.Database", "NinjaManager.Database\NinjaManager.Database.sqlproj", "{30B8FE27-CACC-4C45-A6E2-2D96CAF3DB1F}"
EndProject
Project("{F184B08F-C81C-45F6-A57F-5ABD9991F28F}") = "NinjaManager.Domain", "NinjaManager.Domain\NinjaManager.Domain.vbproj", "{A9DFE7EB-2AF6-4436-AA4E-E44A83E9D460}"
EndProject
Global
	GlobalSection(SolutionConfigurationPlatforms) = preSolution
		Debug|Any CPU = Debug|Any CPU
		Release|Any CPU = Release|Any CPU
	EndGlobalSection
	GlobalSection(ProjectConfigurationPlatforms) = postSolution
		{A8A39D32-29A9-40E0-9C32-866634490039}.Debug|Any CPU.ActiveCfg = Debug|Any CPU
		{A8A39D32-29A9-40E0-9C32-866634490039}.Debug|Any CPU.Build.0 = Debug|Any CPU
		{A8A39D32-29A9-40E0-9C32-866634490039}.Release|Any CPU.ActiveCfg = Release|Any CPU
		{A8A39D32-29A9-40E0-9C32-866634490039}.Release|Any CPU.Build.0 = Release|Any CPU
		{30B8FE27-CACC-4C45-A6E2-2D96CAF3DB1F}.Debug|Any CPU.ActiveCfg = Debug|Any CPU
		{30B8FE27-CACC-4C45-A6E2-2D96CAF3DB1F}.Debug|Any CPU.Build.0 = Debug|Any CPU
		{30B8FE27-CACC-4C45-A6E2-2D96CAF3DB1F}.Debug|Any CPU.Deploy.0 = Debug|Any CPU
		{30B8FE27-CACC-4C45-A6E2-2D96CAF3DB1F}.Release|Any CPU.ActiveCfg = Release|Any CPU
		{30B8FE27-CACC-4C45-A6E2-2D96CAF3DB1F}.Release|Any CPU.Build.0 = Release|Any CPU
		{30B8FE27-CACC-4C45-A6E2-2D96CAF3DB1F}.Release|Any CPU.Deploy.0 = Release|Any CPU
		{A9DFE7EB-2AF6-4436-AA4E-E44A83E9D460}.Debug|Any CPU.ActiveCfg = Debug|Any CPU
		{A9DFE7EB-2AF6-4436-AA4E-E44A83E9D460}.Debug|Any CPU.Build.0 = Debug|Any CPU
		{A9DFE7EB-2AF6-4436-AA4E-E44A83E9D460}.Release|Any CPU.ActiveCfg = Release|Any CPU
		{A9DFE7EB-2AF6-4436-AA4E-E44A83E9D460}.Release|Any CPU.Build.0 = Release|Any CPU
	EndGlobalSection
	GlobalSection(SolutionProperties) = preSolution
		HideSolutionNode = FALSE
	EndGlobalSection
	GlobalSection(ExtensibilityGlobals) = postSolution
		SolutionGuid = {747537F4-14AA-4774-B7C4-B440BEFA3AAA}
	EndGlobalSection
EndGlobal
